
Microsoft Visual Studio Solution File, Format Version 12.00
# Visual Studio Version 16
VisualStudioVersion = 16.0.30717.126
MinimumVisualStudioVersion = 10.0.40219.1
Project("{9A19103F-16F7-4668-BE54-9A1E7A4F7556}") = "Nox.Libs", "Nox.Libs\Nox.Libs.csproj", "{90679D07-D567-48CE-AFBB-9BA3E90E7737}"
EndProject
Project("{9A19103F-16F7-4668-BE54-9A1E7A4F7556}") = "Nox.Libs.WinForms", "Nox.Libs.WinForms\Nox.Libs.WinForms.csproj", "{E37C91C1-E1DE-41E6-A76B-AE86401A5DB4}"
EndProject
Global
	GlobalSection(SolutionConfigurationPlatforms) = preSolution
		Debug|Any CPU = Debug|Any CPU
		Release|Any CPU = Release|Any CPU
	EndGlobalSection
	GlobalSection(ProjectConfigurationPlatforms) = postSolution
		{90679D07-D567-48CE-AFBB-9BA3E90E7737}.Debug|Any CPU.ActiveCfg = Debug|Any CPU
		{90679D07-D567-48CE-AFBB-9BA3E90E7737}.Debug|Any CPU.Build.0 = Debug|Any CPU
		{90679D07-D567-48CE-AFBB-9BA3E90E7737}.Release|Any CPU.ActiveCfg = Release|Any CPU
		{90679D07-D567-48CE-AFBB-9BA3E90E7737}.Release|Any CPU.Build.0 = Release|Any CPU
		{E37C91C1-E1DE-41E6-A76B-AE86401A5DB4}.Debug|Any CPU.ActiveCfg = Debug|Any CPU
		{E37C91C1-E1DE-41E6-A76B-AE86401A5DB4}.Debug|Any CPU.Build.0 = Debug|Any CPU
		{E37C91C1-E1DE-41E6-A76B-AE86401A5DB4}.Release|Any CPU.ActiveCfg = Release|Any CPU
		{E37C91C1-E1DE-41E6-A76B-AE86401A5DB4}.Release|Any CPU.Build.0 = Release|Any CPU
	EndGlobalSection
	GlobalSection(SolutionProperties) = preSolution
		HideSolutionNode = FALSE
	EndGlobalSection
	GlobalSection(ExtensibilityGlobals) = postSolution
		SolutionGuid = {CE7E6EE3-1B01-4262-9C22-A28FF44988C5}
	EndGlobalSection
EndGlobal
